// !$*UTF8*$!
{
	archiveVersion = 1;
	classes = {
	};
	objectVersion = 56;
	objects = {

/* Begin PBXBuildFile section */
		2C5C0FD12BA8AE5400917FD3 /* main.cpp in Sources */ = {isa = PBXBuildFile; fileRef = 2C5C0FD02BA8AE5400917FD3 /* main.cpp */; };
		2C5C0FD92BA8AE7600917FD3 /* FindBinaryTree.cpp in Sources */ = {isa = PBXBuildFile; fileRef = 2C5C0FD72BA8AE7600917FD3 /* FindBinaryTree.cpp */; };
		2C5C0FDC2BA8AFF800917FD3 /* Binary_Tree.cpp in Sources */ = {isa = PBXBuildFile; fileRef = 2C5C0FDA2BA8AFF800917FD3 /* Binary_Tree.cpp */; };
/* End PBXBuildFile section */

/* Begin PBXCopyFilesBuildPhase section */
		2C5C0FCB2BA8AE5400917FD3 /* CopyFiles */ = {
			isa = PBXCopyFilesBuildPhase;
			buildActionMask = 2147483647;
			dstPath = /usr/share/man/man1/;
			dstSubfolderSpec = 0;
			files = (
			);
			runOnlyForDeploymentPostprocessing = 1;
		};
/* End PBXCopyFilesBuildPhase section */

/* Begin PBXFileReference section */
		2C5C0FCD2BA8AE5400917FD3 /* FindBinaryTree */ = {isa = PBXFileReference; explicitFileType = "compiled.mach-o.executable"; includeInIndex = 0; path = FindBinaryTree; sourceTree = BUILT_PRODUCTS_DIR; };
		2C5C0FD02BA8AE5400917FD3 /* main.cpp */ = {isa = PBXFileReference; lastKnownFileType = sourcecode.cpp.cpp; path = main.cpp; sourceTree = "<group>"; };
		2C5C0FD72BA8AE7600917FD3 /* FindBinaryTree.cpp */ = {isa = PBXFileReference; lastKnownFileType = sourcecode.cpp.cpp; path = FindBinaryTree.cpp; sourceTree = "<group>"; };
		2C5C0FD82BA8AE7600917FD3 /* FindBinaryTree.hpp */ = {isa = PBXFileReference; lastKnownFileType = sourcecode.cpp.h; path = FindBinaryTree.hpp; sourceTree = "<group>"; };
		2C5C0FDA2BA8AFF800917FD3 /* Binary_Tree.cpp */ = {isa = PBXFileReference; fileEncoding = 4; lastKnownFileType = sourcecode.cpp.cpp; name = Binary_Tree.cpp; path = ../../Binary_Tree/Binary_Tree/Binary_Tree.cpp; sourceTree = "<group>"; };
		2C5C0FDB2BA8AFF800917FD3 /* Binary_Tree.hpp */ = {isa = PBXFileReference; fileEncoding = 4; lastKnownFileType = sourcecode.cpp.h; name = Binary_Tree.hpp; path = ../../Binary_Tree/Binary_Tree/Binary_Tree.hpp; sourceTree = "<group>"; };
/* End PBXFileReference section */

/* Begin PBXFrameworksBuildPhase section */
		2C5C0FCA2BA8AE5400917FD3 /* Frameworks */ = {
			isa = PBXFrameworksBuildPhase;
			buildActionMask = 2147483647;
			files = (
			);
			runOnlyForDeploymentPostprocessing = 0;
		};
/* End PBXFrameworksBuildPhase section */

/* Begin PBXGroup section */
		2C5C0FC42BA8AE5400917FD3 = {
			isa = PBXGroup;
			children = (
				2C5C0FCF2BA8AE5400917FD3 /* FindBinaryTree */,
				2C5C0FCE2BA8AE5400917FD3 /* Products */,
			);
			sourceTree = "<group>";
		};
		2C5C0FCE2BA8AE5400917FD3 /* Products */ = {
			isa = PBXGroup;
			children = (
				2C5C0FCD2BA8AE5400917FD3 /* FindBinaryTree */,
			);
			name = Products;
			sourceTree = "<group>";
		};
		2C5C0FCF2BA8AE5400917FD3 /* FindBinaryTree */ = {
			isa = PBXGroup;
			children = (
				2C5C0FDA2BA8AFF800917FD3 /* Binary_Tree.cpp */,
				2C5C0FDB2BA8AFF800917FD3 /* Binary_Tree.hpp */,
				2C5C0FD02BA8AE5400917FD3 /* main.cpp */,
				2C5C0FD72BA8AE7600917FD3 /* FindBinaryTree.cpp */,
				2C5C0FD82BA8AE7600917FD3 /* FindBinaryTree.hpp */,
			);
			path = FindBinaryTree;
			sourceTree = "<group>";
		};
/* End PBXGroup section */

/* Begin PBXNativeTarget section */
		2C5C0FCC2BA8AE5400917FD3 /* FindBinaryTree */ = {
			isa = PBXNativeTarget;
			buildConfigurationList = 2C5C0FD42BA8AE5400917FD3 /* Build configuration list for PBXNativeTarget "FindBinaryTree" */;
			buildPhases = (
				2C5C0FC92BA8AE5400917FD3 /* Sources */,
				2C5C0FCA2BA8AE5400917FD3 /* Frameworks */,
				2C5C0FCB2BA8AE5400917FD3 /* CopyFiles */,
			);
			buildRules = (
			);
			dependencies = (
			);
			name = FindBinaryTree;
			productName = FindBinaryTree;
			productReference = 2C5C0FCD2BA8AE5400917FD3 /* FindBinaryTree */;
			productType = "com.apple.product-type.tool";
		};
/* End PBXNativeTarget section */

/* Begin PBXProject section */
		2C5C0FC52BA8AE5400917FD3 /* Project object */ = {
			isa = PBXProject;
			attributes = {
				BuildIndependentTargetsInParallel = 1;
				LastUpgradeCheck = 1520;
				TargetAttributes = {
					2C5C0FCC2BA8AE5400917FD3 = {
						CreatedOnToolsVersion = 15.2;
					};
				};
			};
			buildConfigurationList = 2C5C0FC82BA8AE5400917FD3 /* Build configuration list for PBXProject "FindBinaryTree" */;
			compatibilityVersion = "Xcode 14.0";
			developmentRegion = en;
			hasScannedForEncodings = 0;
			knownRegions = (
				en,
				Base,
			);
			mainGroup = 2C5C0FC42BA8AE5400917FD3;
			productRefGroup = 2C5C0FCE2BA8AE5400917FD3 /* Products */;
			projectDirPath = "";
			projectRoot = "";
			targets = (
				2C5C0FCC2BA8AE5400917FD3 /* FindBinaryTree */,
			);
		};
/* End PBXProject section */

/* Begin PBXSourcesBuildPhase section */
		2C5C0FC92BA8AE5400917FD3 /* Sources */ = {
			isa = PBXSourcesBuildPhase;
			buildActionMask = 2147483647;
			files = (
				2C5C0FD12BA8AE5400917FD3 /* main.cpp in Sources */,
				2C5C0FD92BA8AE7600917FD3 /* FindBinaryTree.cpp in Sources */,
				2C5C0FDC2BA8AFF800917FD3 /* Binary_Tree.cpp in Sources */,
			);
			runOnlyForDeploymentPostprocessing = 0;
		};
/* End PBXSourcesBuildPhase section */

/* Begin XCBuildConfiguration section */
		2C5C0FD22BA8AE5400917FD3 /* Debug */ = {
			isa = XCBuildConfiguration;
			buildSettings = {
				ALWAYS_SEARCH_USER_PATHS = NO;
				ASSETCATALOG_COMPILER_GENERATE_SWIFT_ASSET_SYMBOL_EXTENSIONS = YES;
				CLANG_ANALYZER_NONNULL = YES;
				CLANG_ANALYZER_NUMBER_OBJECT_CONVERSION = YES_AGGRESSIVE;
				CLANG_CXX_LANGUAGE_STANDARD = "gnu++20";
				CLANG_ENABLE_MODULES = YES;
				CLANG_ENABLE_OBJC_ARC = YES;
				CLANG_ENABLE_OBJC_WEAK = YES;
				CLANG_WARN_BLOCK_CAPTURE_AUTORELEASING = YES;
				CLANG_WARN_BOOL_CONVERSION = YES;
				CLANG_WARN_COMMA = YES;
				CLANG_WARN_CONSTANT_CONVERSION = YES;
				CLANG_WARN_DEPRECATED_OBJC_IMPLEMENTATIONS = YES;
				CLANG_WARN_DIRECT_OBJC_ISA_USAGE = YES_ERROR;
				CLANG_WARN_DOCUMENTATION_COMMENTS = YES;
				CLANG_WARN_EMPTY_BODY = YES;
				CLANG_WARN_ENUM_CONVERSION = YES;
				CLANG_WARN_INFINITE_RECURSION = YES;
				CLANG_WARN_INT_CONVERSION = YES;
				CLANG_WARN_NON_LITERAL_NULL_CONVERSION = YES;
				CLANG_WARN_OBJC_IMPLICIT_RETAIN_SELF = YES;
				CLANG_WARN_OBJC_LITERAL_CONVERSION = YES;
				CLANG_WARN_OBJC_ROOT_CLASS = YES_ERROR;
				CLANG_WARN_QUOTED_INCLUDE_IN_FRAMEWORK_HEADER = YES;
				CLANG_WARN_RANGE_LOOP_ANALYSIS = YES;
				CLANG_WARN_STRICT_PROTOTYPES = YES;
				CLANG_WARN_SUSPICIOUS_MOVE = YES;
				CLANG_WARN_UNGUARDED_AVAILABILITY = YES_AGGRESSIVE;
				CLANG_WARN_UNREACHABLE_CODE = YES;
				CLANG_WARN__DUPLICATE_METHOD_MATCH = YES;
				COPY_PHASE_STRIP = NO;
				DEBUG_INFORMATION_FORMAT = dwarf;
				ENABLE_STRICT_OBJC_MSGSEND = YES;
				ENABLE_TESTABILITY = YES;
				ENABLE_USER_SCRIPT_SANDBOXING = YES;
				GCC_C_LANGUAGE_STANDARD = gnu17;
				GCC_DYNAMIC_NO_PIC = NO;
				GCC_NO_COMMON_BLOCKS = YES;
				GCC_OPTIMIZATION_LEVEL = 0;
				GCC_PREPROCESSOR_DEFINITIONS = (
					"DEBUG=1",
					"$(inherited)",
				);
				GCC_WARN_64_TO_32_BIT_CONVERSION = YES;
				GCC_WARN_ABOUT_RETURN_TYPE = YES_ERROR;
				GCC_WARN_UNDECLARED_SELECTOR = YES;
				GCC_WARN_UNINITIALIZED_AUTOS = YES_AGGRESSIVE;
				GCC_WARN_UNUSED_FUNCTION = YES;
				GCC_WARN_UNUSED_VARIABLE = YES;
				LOCALIZATION_PREFERS_STRING_CATALOGS = YES;
				MACOSX_DEPLOYMENT_TARGET = 13.6;
				MTL_ENABLE_DEBUG_INFO = INCLUDE_SOURCE;
				MTL_FAST_MATH = YES;
				ONLY_ACTIVE_ARCH = YES;
				SDKROOT = macosx;
			};
			name = Debug;
		};
		2C5C0FD32BA8AE5400917FD3 /* Release */ = {
			isa = XCBuildConfiguration;
			buildSettings = {
				ALWAYS_SEARCH_USER_PATHS = NO;
				ASSETCATALOG_COMPILER_GENERATE_SWIFT_ASSET_SYMBOL_EXTENSIONS = YES;
				CLANG_ANALYZER_NONNULL = YES;
				CLANG_ANALYZER_NUMBER_OBJECT_CONVERSION = YES_AGGRESSIVE;
				CLANG_CXX_LANGUAGE_STANDARD = "gnu++20";
				CLANG_ENABLE_MODULES = YES;
				CLANG_ENABLE_OBJC_ARC = YES;
				CLANG_ENABLE_OBJC_WEAK = YES;
				CLANG_WARN_BLOCK_CAPTURE_AUTORELEASING = YES;
				CLANG_WARN_BOOL_CONVERSION = YES;
				CLANG_WARN_COMMA = YES;
				CLANG_WARN_CONSTANT_CONVERSION = YES;
				CLANG_WARN_DEPRECATED_OBJC_IMPLEMENTATIONS = YES;
				CLANG_WARN_DIRECT_OBJC_ISA_USAGE = YES_ERROR;
				CLANG_WARN_DOCUMENTATION_COMMENTS = YES;
				CLANG_WARN_EMPTY_BODY = YES;
				CLANG_WARN_ENUM_CONVERSION = YES;
				CLANG_WARN_INFINITE_RECURSION = YES;
				CLANG_WARN_INT_CONVERSION = YES;
				CLANG_WARN_NON_LITERAL_NULL_CONVERSION = YES;
				CLANG_WARN_OBJC_IMPLICIT_RETAIN_SELF = YES;
				CLANG_WARN_OBJC_LITERAL_CONVERSION = YES;
				CLANG_WARN_OBJC_ROOT_CLASS = YES_ERROR;
				CLANG_WARN_QUOTED_INCLUDE_IN_FRAMEWORK_HEADER = YES;
				CLANG_WARN_RANGE_LOOP_ANALYSIS = YES;
				CLANG_WARN_STRICT_PROTOTYPES = YES;
				CLANG_WARN_SUSPICIOUS_MOVE = YES;
				CLANG_WARN_UNGUARDED_AVAILABILITY = YES_AGGRESSIVE;
				CLANG_WARN_UNREACHABLE_CODE = YES;
				CLANG_WARN__DUPLICATE_METHOD_MATCH = YES;
				COPY_PHASE_STRIP = NO;
				DEBUG_INFORMATION_FORMAT = "dwarf-with-dsym";
				ENABLE_NS_ASSERTIONS = NO;
				ENABLE_STRICT_OBJC_MSGSEND = YES;
				ENABLE_USER_SCRIPT_SANDBOXING = YES;
				GCC_C_LANGUAGE_STANDARD = gnu17;
				GCC_NO_COMMON_BLOCKS = YES;
				GCC_WARN_64_TO_32_BIT_CONVERSION = YES;
				GCC_WARN_ABOUT_RETURN_TYPE = YES_ERROR;
				GCC_WARN_UNDECLARED_SELECTOR = YES;
				GCC_WARN_UNINITIALIZED_AUTOS = YES_AGGRESSIVE;
				GCC_WARN_UNUSED_FUNCTION = YES;
				GCC_WARN_UNUSED_VARIABLE = YES;
				LOCALIZATION_PREFERS_STRING_CATALOGS = YES;
				MACOSX_DEPLOYMENT_TARGET = 13.6;
				MTL_ENABLE_DEBUG_INFO = NO;
				MTL_FAST_MATH = YES;
				SDKROOT = macosx;
			};
			name = Release;
		};
		2C5C0FD52BA8AE5400917FD3 /* Debug */ = {
			isa = XCBuildConfiguration;
			buildSettings = {
				CLANG_CXX_LANGUAGE_STANDARD = "gnu++17";
				CODE_SIGN_STYLE = Automatic;
				PRODUCT_NAME = "$(TARGET_NAME)";
			};
			name = Debug;
		};
		2C5C0FD62BA8AE5400917FD3 /* Release */ = {
			isa = XCBuildConfiguration;
			buildSettings = {
				CLANG_CXX_LANGUAGE_STANDARD = "gnu++17";
				CODE_SIGN_STYLE = Automatic;
				PRODUCT_NAME = "$(TARGET_NAME)";
			};
			name = Release;
		};
/* End XCBuildConfiguration section */

/* Begin XCConfigurationList section */
		2C5C0FC82BA8AE5400917FD3 /* Build configuration list for PBXProject "FindBinaryTree" */ = {
			isa = XCConfigurationList;
			buildConfigurations = (
				2C5C0FD22BA8AE5400917FD3 /* Debug */,
				2C5C0FD32BA8AE5400917FD3 /* Release */,
			);
			defaultConfigurationIsVisible = 0;
			defaultConfigurationName = Release;
		};
		2C5C0FD42BA8AE5400917FD3 /* Build configuration list for PBXNativeTarget "FindBinaryTree" */ = {
			isa = XCConfigurationList;
			buildConfigurations = (
				2C5C0FD52BA8AE5400917FD3 /* Debug */,
				2C5C0FD62BA8AE5400917FD3 /* Release */,
			);
			defaultConfigurationIsVisible = 0;
			defaultConfigurationName = Release;
		};
/* End XCConfigurationList section */
	};
	rootObject = 2C5C0FC52BA8AE5400917FD3 /* Project object */;
}
